
Microsoft Visual Studio Solution File, Format Version 12.00
# Visual Studio Version 16
VisualStudioVersion = 16.0.30804.86
MinimumVisualStudioVersion = 10.0.40219.1
Project("{9A19103F-16F7-4668-BE54-9A1E7A4F7556}") = "AdoNet 3", "AdoNet\AdoNet 3.csproj", "{DD994F66-525C-476F-AE93-92CFBED04A2F}"
EndProject
Project("{FAE04EC0-301F-11D3-BF4B-00C04F79EFBC}") = "AdoNet 4", "AdoNet 4\AdoNet 4.csproj", "{30E683E5-E611-480E-8062-1790996D2830}"
EndProject
Project("{FAE04EC0-301F-11D3-BF4B-00C04F79EFBC}") = "AdoNet 6", "AdoNet 6\AdoNet 6.csproj", "{9CA76B5B-4DC0-491D-A43D-37515BE6207A}"
EndProject
Project("{FAE04EC0-301F-11D3-BF4B-00C04F79EFBC}") = "AdoNet 9", "AdoNet 9\AdoNet 9.csproj", "{3D7D4653-C20A-4F80-9A8D-6C3ACF6D5E08}"
EndProject
Global
	GlobalSection(SolutionConfigurationPlatforms) = preSolution
		Debug|Any CPU = Debug|Any CPU
		Release|Any CPU = Release|Any CPU
	EndGlobalSection
	GlobalSection(ProjectConfigurationPlatforms) = postSolution
		{DD994F66-525C-476F-AE93-92CFBED04A2F}.Debug|Any CPU.ActiveCfg = Debug|Any CPU
		{DD994F66-525C-476F-AE93-92CFBED04A2F}.Debug|Any CPU.Build.0 = Debug|Any CPU
		{DD994F66-525C-476F-AE93-92CFBED04A2F}.Release|Any CPU.ActiveCfg = Release|Any CPU
		{DD994F66-525C-476F-AE93-92CFBED04A2F}.Release|Any CPU.Build.0 = Release|Any CPU
		{30E683E5-E611-480E-8062-1790996D2830}.Debug|Any CPU.ActiveCfg = Debug|Any CPU
		{30E683E5-E611-480E-8062-1790996D2830}.Debug|Any CPU.Build.0 = Debug|Any CPU
		{30E683E5-E611-480E-8062-1790996D2830}.Release|Any CPU.ActiveCfg = Release|Any CPU
		{30E683E5-E611-480E-8062-1790996D2830}.Release|Any CPU.Build.0 = Release|Any CPU
		{9CA76B5B-4DC0-491D-A43D-37515BE6207A}.Debug|Any CPU.ActiveCfg = Debug|Any CPU
		{9CA76B5B-4DC0-491D-A43D-37515BE6207A}.Debug|Any CPU.Build.0 = Debug|Any CPU
		{9CA76B5B-4DC0-491D-A43D-37515BE6207A}.Release|Any CPU.ActiveCfg = Release|Any CPU
		{9CA76B5B-4DC0-491D-A43D-37515BE6207A}.Release|Any CPU.Build.0 = Release|Any CPU
		{3D7D4653-C20A-4F80-9A8D-6C3ACF6D5E08}.Debug|Any CPU.ActiveCfg = Debug|Any CPU
		{3D7D4653-C20A-4F80-9A8D-6C3ACF6D5E08}.Debug|Any CPU.Build.0 = Debug|Any CPU
		{3D7D4653-C20A-4F80-9A8D-6C3ACF6D5E08}.Release|Any CPU.ActiveCfg = Release|Any CPU
		{3D7D4653-C20A-4F80-9A8D-6C3ACF6D5E08}.Release|Any CPU.Build.0 = Release|Any CPU
	EndGlobalSection
	GlobalSection(SolutionProperties) = preSolution
		HideSolutionNode = FALSE
	EndGlobalSection
	GlobalSection(ExtensibilityGlobals) = postSolution
		SolutionGuid = {7481CAC8-7E78-4A4B-A17C-4050EDB9DB51}
	EndGlobalSection
EndGlobal
